{
  "projects": [
    {
      "projectId": "dAqQBMeJHbYqKfBBXQoZSJ",
      "version": "latest",
      "dependencies": {},
      "lang": "ts",
      "fileLocks": [
        {
          "type": "globalVariant",
          "assetId": "t5dG9Htuemp9ba",
          "checksum": "47f03f90507333837f5942d028c7f392"
        },
        {
          "assetId": "dAqQBMeJHbYqKfBBXQoZSJ",
          "type": "projectCss",
          "checksum": "87c57456c20c26bb7fd944de25eccc77"
        },
        {
          "type": "renderModule",
          "assetId": "i_1sR5-Ag4gYs",
          "checksum": "795ca30fe3c768849efdc24a8ad6e2d7"
        },
        {
          "type": "cssRules",
          "assetId": "i_1sR5-Ag4gYs",
          "checksum": "795ca30fe3c768849efdc24a8ad6e2d7"
        },
        {
          "type": "renderModule",
          "assetId": "g7Ma0KXxxLo_O",
          "checksum": "9c1c6bc1d5a27b130ae22e9481dcb0ba"
        },
        {
          "type": "cssRules",
          "assetId": "g7Ma0KXxxLo_O",
          "checksum": "9c1c6bc1d5a27b130ae22e9481dcb0ba"
        },
        {
          "type": "renderModule",
          "assetId": "MsyRvupftw2wd",
          "checksum": "d8c964a523da344083eb64c2525d8b86"
        },
        {
          "type": "cssRules",
          "assetId": "MsyRvupftw2wd",
          "checksum": "d8c964a523da344083eb64c2525d8b86"
        },
        {
          "type": "renderModule",
          "assetId": "UQg9W3L-sZZtS",
          "checksum": "cf8046d1b925dfcbddc995c8457296ee"
        },
        {
          "type": "cssRules",
          "assetId": "UQg9W3L-sZZtS",
          "checksum": "cf8046d1b925dfcbddc995c8457296ee"
        },
        {
          "type": "renderModule",
          "assetId": "gcn0FYT3JGO-O0",
          "checksum": "770f944feb970b84f34ba61c3598101f"
        },
        {
          "type": "cssRules",
          "assetId": "gcn0FYT3JGO-O0",
          "checksum": "770f944feb970b84f34ba61c3598101f"
        },
        {
          "type": "renderModule",
          "assetId": "yLAMK-jV2-ynxg",
          "checksum": "adca5b34dd6145a188618c86cd900e67"
        },
        {
          "type": "cssRules",
          "assetId": "yLAMK-jV2-ynxg",
          "checksum": "adca5b34dd6145a188618c86cd900e67"
        },
        {
          "type": "renderModule",
          "assetId": "axVxd3-0uWjtvB",
          "checksum": "02f5303de1c91ce9aef3069c7ab97cf8"
        },
        {
          "type": "cssRules",
          "assetId": "axVxd3-0uWjtvB",
          "checksum": "02f5303de1c91ce9aef3069c7ab97cf8"
        },
        {
          "type": "renderModule",
          "assetId": "5rqE3QvCzY5GqS",
          "checksum": "baa5a0ae63935f8c55ccc3dedd59e8d8"
        },
        {
          "type": "cssRules",
          "assetId": "5rqE3QvCzY5GqS",
          "checksum": "baa5a0ae63935f8c55ccc3dedd59e8d8"
        },
        {
          "type": "renderModule",
          "assetId": "Y22gJbnYz56W5a",
          "checksum": "081bdd4f649b260f5951d19a916e411b"
        },
        {
          "type": "cssRules",
          "assetId": "Y22gJbnYz56W5a",
          "checksum": "081bdd4f649b260f5951d19a916e411b"
        },
        {
          "type": "renderModule",
          "assetId": "Su99w8Vhz2QBBN",
          "checksum": "5b0710b8e8cbbaaad0bf2906b399c810"
        },
        {
          "type": "cssRules",
          "assetId": "Su99w8Vhz2QBBN",
          "checksum": "5b0710b8e8cbbaaad0bf2906b399c810"
        },
        {
          "type": "renderModule",
          "assetId": "r1raNffwULrPYJ",
          "checksum": "205a4497af63cf43513b26d864c3f754"
        },
        {
          "type": "cssRules",
          "assetId": "r1raNffwULrPYJ",
          "checksum": "205a4497af63cf43513b26d864c3f754"
        },
        {
          "type": "icon",
          "assetId": "Q37oKSjuMqlLmj",
          "checksum": "38d4f66c33aa2dff69f8cffad789a383"
        },
        {
          "type": "icon",
          "assetId": "352wNnG_NYwhj5",
          "checksum": "db7866ba2d92c7173aa84c3f402982c6"
        },
        {
          "type": "icon",
          "assetId": "9-ZOP02NAzPiM2",
          "checksum": "56d681db0f3291b8e97edc62cbee269a"
        },
        {
          "type": "icon",
          "assetId": "ZD---EFY-enbaV",
          "checksum": "c51684df33a19ad19bd214cefabb2e22"
        },
        {
          "type": "icon",
          "assetId": "o84_o2Zup4ZPpw",
          "checksum": "c734b3fee064e369d6ca52b40779db07"
        },
        {
          "type": "icon",
          "assetId": "0_LM-UPubnZPU9",
          "checksum": "a9416e835b0e42ae10a3fedb842e56ac"
        },
        {
          "type": "icon",
          "assetId": "I18VqDLDU_CqCT",
          "checksum": "df8aab569a82a35e17c7e3fe0a907dff"
        },
        {
          "type": "icon",
          "assetId": "9m6kEdqXcBlRMy",
          "checksum": "8d97dace015470e1bb85a425503b473a"
        },
        {
          "type": "icon",
          "assetId": "zZ90hRDfKOVnVF",
          "checksum": "5b540ccb406cef6cd9eaaa9c7ba03a3c"
        },
        {
          "type": "image",
          "assetId": "BZM9VNrXzfi11J",
          "checksum": "7f9e9ea8b67dbd187e53e27084f685bd"
        },
        {
          "type": "image",
          "assetId": "uCpH6V4Kn0MSeB",
          "checksum": "4536aa29fbfe79065f1bccff8e1f20f8"
        },
        {
          "type": "image",
          "assetId": "hXv6llaYok0O9S",
          "checksum": "5c8db5de578a7be3ead5d5a609b371bf"
        },
        {
          "type": "image",
          "assetId": "FR6lA4XOz04S_p",
          "checksum": "1e2be033ae6516caad00397ec8d7b2d6"
        },
        {
          "type": "image",
          "assetId": "tPEuwoFl8xnUZG",
          "checksum": "35e40c9e431b9e2b7813fbeb558088b6"
        },
        {
          "type": "image",
          "assetId": "Ux-UuwzrZxMhly",
          "checksum": "1016c26b6d1431bdb2b39229b3e5287c"
        },
        {
          "type": "image",
          "assetId": "9LKzCXjDMKStjN",
          "checksum": "57e9c54ad8736e93b0ed9595438148bc"
        },
        {
          "type": "image",
          "assetId": "Kt3E_zmvTLI1KI",
          "checksum": "2b0708400daacab660c29daae0d803c0"
        },
        {
          "type": "image",
          "assetId": "c5nGizDpxRFkte",
          "checksum": "29c98b78fafd4d6ff4f05bc8a3a48eb0"
        },
        {
          "type": "image",
          "assetId": "t7WDlAGeASsb-S",
          "checksum": "c803495f6e7cf03fe8dbcd40cc903377"
        },
        {
          "type": "image",
          "assetId": "G8Ihuo_solQSTh",
          "checksum": "27a100043dbc8ccf18479f9290385d8f"
        },
        {
          "type": "image",
          "assetId": "OeD4ZcS-2GYonj",
          "checksum": "a31be142768c7c836218814e0db93795"
        },
        {
          "type": "image",
          "assetId": "I7OjNgpTeNyeNt",
          "checksum": "d196d7df8561092fe982de0d83c66810"
        },
        {
          "type": "image",
          "assetId": "8yJ0pFVGfMF8Sx",
          "checksum": "1896b1306648cbb2a893645370bdc0f7"
        },
        {
          "type": "image",
          "assetId": "CcSD9_klgsUche",
          "checksum": "6eec7d3c515d361a0b447de1d01d2271"
        },
        {
          "type": "image",
          "assetId": "8K71tNYrk1GK6W",
          "checksum": "0367ab3801d3c1941c991ab99eb6e0f4"
        },
        {
          "type": "image",
          "assetId": "iXVg1U54wjX6ou",
          "checksum": "de9b18cd82305e5b470f5e704a140dfc"
        },
        {
          "type": "image",
          "assetId": "UsuY_rLAyey6gB",
          "checksum": "0a6c2f2ac628e8434eb7298d68a69078"
        },
        {
          "type": "image",
          "assetId": "K_lyIUB7_w2EW2",
          "checksum": "32b74bd96753374bc496f5249e7e6d1b"
        },
        {
          "type": "image",
          "assetId": "4Jw8v_XXuZupQK",
          "checksum": "455ecffd8656585ca06296a2578d9a35"
        },
        {
          "type": "image",
          "assetId": "BF670bmQ5ENQQI",
          "checksum": "375e35e8bef007a020b3f1f27ed28271"
        },
        {
          "type": "image",
          "assetId": "HyMCbaJub2WjKv",
          "checksum": "bdf10c25ea7f2caf59ce7e2780c57aa3"
        },
        {
          "type": "image",
          "assetId": "BFAser0y4v_kuL",
          "checksum": "a099fda055b4cafff96a6d6c57ee4ebc"
        },
        {
          "type": "image",
          "assetId": "h9wBTvrbTJFRlj",
          "checksum": "138cb6f63447ef866cfa737c90f4a609"
        },
        {
          "type": "image",
          "assetId": "k3BOB6BSBpym39",
          "checksum": "a9070135e00824577f40c86671e6e3ac"
        },
        {
          "type": "image",
          "assetId": "tPELMkdUe3vbv6",
          "checksum": "7a4ea1d2ed1a5cba016230f816d39c66"
        },
        {
          "type": "image",
          "assetId": "cVaTCGmA2Y54XZ",
          "checksum": "5220dcbfb5983def8deb3fb00d42ce64"
        },
        {
          "type": "image",
          "assetId": "wLkqH7fkpz05f5",
          "checksum": "9785eeecbb12d32ca4090aa0a845e48e"
        },
        {
          "type": "image",
          "assetId": "fqimtVnjZedWvR",
          "checksum": "f75df9a3e3056d473ee8495abdc40df4"
        },
        {
          "type": "image",
          "assetId": "P8L5ygemptkEN1",
          "checksum": "65256154dc462303437a2df166d7a0ac"
        },
        {
          "type": "image",
          "assetId": "79BCWAnNmwsjKE",
          "checksum": "7999a0baa9624a911a7c44c3135a2017"
        },
        {
          "type": "image",
          "assetId": "tG4obTGEEBpYyJ",
          "checksum": "cfab8bbb6c9ea7e7a8eaeded65bc8520"
        },
        {
          "type": "image",
          "assetId": "UlmAbzuOK7A46B",
          "checksum": "5804310ec7071d8e0c4f456fa53eae40"
        },
        {
          "type": "image",
          "assetId": "N8iifCHMt4Z0gy",
          "checksum": "ebf274307f33ebde0d60908d9155bc9b"
        },
        {
          "type": "image",
          "assetId": "wkCy1Hr-lphkky",
          "checksum": "4212cbca71f177727705a87c6709a9d4"
        },
        {
          "type": "image",
          "assetId": "Nx0U8YayB1wYtM",
          "checksum": "d2dc32272673554e5bd1e8a681465057"
        },
        {
          "type": "image",
          "assetId": "2hKrZzrjecWZBx",
          "checksum": "6046791220f53be574d8a17bfd18ae7c"
        }
      ],
      "codegenVersion": "0.0.1"
    }
  ],
  "cliVersion": "0.1.187"
}
